// !$*UTF8*$!
{
	archiveVersion = 1;
	classes = {
	};
	objectVersion = 56;
	objects = {

/* Begin PBXBuildFile section */
		2A47F8002B06B73600039B14 /* FirebaseAnalytics in Frameworks */ = {isa = PBXBuildFile; productRef = 2A47F7FF2B06B73600039B14 /* FirebaseAnalytics */; };
		2A47F8022B06B73600039B14 /* FirebaseAnalyticsOnDeviceConversion in Frameworks */ = {isa = PBXBuildFile; productRef = 2A47F8012B06B73600039B14 /* FirebaseAnalyticsOnDeviceConversion */; };
		2A47F8042B06B73600039B14 /* FirebaseAnalyticsSwift in Frameworks */ = {isa = PBXBuildFile; productRef = 2A47F8032B06B73600039B14 /* FirebaseAnalyticsSwift */; };
		2A47F8062B06B73600039B14 /* FirebaseAnalyticsWithoutAdIdSupport in Frameworks */ = {isa = PBXBuildFile; productRef = 2A47F8052B06B73600039B14 /* FirebaseAnalyticsWithoutAdIdSupport */; };
		2A47F8082B06B73600039B14 /* FirebaseAppCheck in Frameworks */ = {isa = PBXBuildFile; productRef = 2A47F8072B06B73600039B14 /* FirebaseAppCheck */; };
		2A47F80A2B06B73600039B14 /* FirebaseAppDistribution-Beta in Frameworks */ = {isa = PBXBuildFile; productRef = 2A47F8092B06B73600039B14 /* FirebaseAppDistribution-Beta */; };
		2A47F80C2B06B73600039B14 /* FirebaseAuth in Frameworks */ = {isa = PBXBuildFile; productRef = 2A47F80B2B06B73600039B14 /* FirebaseAuth */; };
		2A47F80E2B06B73600039B14 /* FirebaseAuthCombine-Community in Frameworks */ = {isa = PBXBuildFile; productRef = 2A47F80D2B06B73600039B14 /* FirebaseAuthCombine-Community */; };
		2A47F8102B06B73600039B14 /* FirebaseCrashlytics in Frameworks */ = {isa = PBXBuildFile; productRef = 2A47F80F2B06B73600039B14 /* FirebaseCrashlytics */; };
		2A47F8122B06B73600039B14 /* FirebaseDatabase in Frameworks */ = {isa = PBXBuildFile; productRef = 2A47F8112B06B73600039B14 /* FirebaseDatabase */; };
		2A47F8142B06B73600039B14 /* FirebaseDatabaseSwift in Frameworks */ = {isa = PBXBuildFile; productRef = 2A47F8132B06B73600039B14 /* FirebaseDatabaseSwift */; };
		2A47F8162B06B73600039B14 /* FirebaseDynamicLinks in Frameworks */ = {isa = PBXBuildFile; productRef = 2A47F8152B06B73600039B14 /* FirebaseDynamicLinks */; };
		2A47F8182B06B73600039B14 /* FirebaseFirestore in Frameworks */ = {isa = PBXBuildFile; productRef = 2A47F8172B06B73600039B14 /* FirebaseFirestore */; };
		2A47F81A2B06B73600039B14 /* FirebaseFirestoreCombine-Community in Frameworks */ = {isa = PBXBuildFile; productRef = 2A47F8192B06B73600039B14 /* FirebaseFirestoreCombine-Community */; };
		2A47F81C2B06B73600039B14 /* FirebaseFirestoreSwift in Frameworks */ = {isa = PBXBuildFile; productRef = 2A47F81B2B06B73600039B14 /* FirebaseFirestoreSwift */; };
		2A47F81E2B06B73600039B14 /* FirebaseFunctions in Frameworks */ = {isa = PBXBuildFile; productRef = 2A47F81D2B06B73600039B14 /* FirebaseFunctions */; };
		2A47F8202B06B73600039B14 /* FirebaseFunctionsCombine-Community in Frameworks */ = {isa = PBXBuildFile; productRef = 2A47F81F2B06B73600039B14 /* FirebaseFunctionsCombine-Community */; };
		2A47F8222B06B73600039B14 /* FirebaseInAppMessaging-Beta in Frameworks */ = {isa = PBXBuildFile; productRef = 2A47F8212B06B73600039B14 /* FirebaseInAppMessaging-Beta */; };
		2A47F8242B06B73600039B14 /* FirebaseInAppMessagingSwift-Beta in Frameworks */ = {isa = PBXBuildFile; productRef = 2A47F8232B06B73600039B14 /* FirebaseInAppMessagingSwift-Beta */; };
		2A47F8262B06B73600039B14 /* FirebaseInstallations in Frameworks */ = {isa = PBXBuildFile; productRef = 2A47F8252B06B73600039B14 /* FirebaseInstallations */; };
		2A47F8282B06B73600039B14 /* FirebaseMLModelDownloader in Frameworks */ = {isa = PBXBuildFile; productRef = 2A47F8272B06B73600039B14 /* FirebaseMLModelDownloader */; };
		2A47F82A2B06B73600039B14 /* FirebaseMessaging in Frameworks */ = {isa = PBXBuildFile; productRef = 2A47F8292B06B73600039B14 /* FirebaseMessaging */; };
		2A47F82C2B06B73600039B14 /* FirebasePerformance in Frameworks */ = {isa = PBXBuildFile; productRef = 2A47F82B2B06B73600039B14 /* FirebasePerformance */; };
		2A47F82E2B06B73600039B14 /* FirebaseRemoteConfig in Frameworks */ = {isa = PBXBuildFile; productRef = 2A47F82D2B06B73600039B14 /* FirebaseRemoteConfig */; };
		2A47F8302B06B73600039B14 /* FirebaseRemoteConfigSwift in Frameworks */ = {isa = PBXBuildFile; productRef = 2A47F82F2B06B73600039B14 /* FirebaseRemoteConfigSwift */; };
		2A47F8322B06B73600039B14 /* FirebaseStorage in Frameworks */ = {isa = PBXBuildFile; productRef = 2A47F8312B06B73600039B14 /* FirebaseStorage */; };
		2A47F8342B06B73600039B14 /* FirebaseStorageCombine-Community in Frameworks */ = {isa = PBXBuildFile; productRef = 2A47F8332B06B73600039B14 /* FirebaseStorageCombine-Community */; };
		2A47F8362B06B7F700039B14 /* GoogleService-Info.plist in Resources */ = {isa = PBXBuildFile; fileRef = 2A47F8352B06B7F700039B14 /* GoogleService-Info.plist */; };
		2A47F8392B06BC7A00039B14 /* Comments.swift in Sources */ = {isa = PBXBuildFile; fileRef = 2A47F8382B06BC7A00039B14 /* Comments.swift */; };
		2A47F83B2B06BCA800039B14 /* Image_set.swift in Sources */ = {isa = PBXBuildFile; fileRef = 2A47F83A2B06BCA800039B14 /* Image_set.swift */; };
		2A47F83D2B06BCCA00039B14 /* Owner.swift in Sources */ = {isa = PBXBuildFile; fileRef = 2A47F83C2B06BCCA00039B14 /* Owner.swift */; };
		2A47F83F2B06BCE300039B14 /* PostLikes.swift in Sources */ = {isa = PBXBuildFile; fileRef = 2A47F83E2B06BCE300039B14 /* PostLikes.swift */; };
		2A47F8412B06BCFE00039B14 /* Posts.swift in Sources */ = {isa = PBXBuildFile; fileRef = 2A47F8402B06BCFE00039B14 /* Posts.swift */; };
		2A47F8442B06C04100039B14 /* PostsViewModel.swift in Sources */ = {isa = PBXBuildFile; fileRef = 2A47F8432B06C04100039B14 /* PostsViewModel.swift */; };
		2A47F8462B06C07100039B14 /* PostsView.swift in Sources */ = {isa = PBXBuildFile; fileRef = 2A47F8452B06C07100039B14 /* PostsView.swift */; };
		2A47F8482B06C09A00039B14 /* CardComponent.swift in Sources */ = {isa = PBXBuildFile; fileRef = 2A47F8472B06C09A00039B14 /* CardComponent.swift */; };
		2A47F84A2B06C0D100039B14 /* PostDetailView.swift in Sources */ = {isa = PBXBuildFile; fileRef = 2A47F8492B06C0D100039B14 /* PostDetailView.swift */; };
		2A47F84D2B06C15200039B14 /* CreatePostViewModel.swift in Sources */ = {isa = PBXBuildFile; fileRef = 2A47F84C2B06C15200039B14 /* CreatePostViewModel.swift */; };
		2A47F84F2B06C17500039B14 /* CreatePost.swift in Sources */ = {isa = PBXBuildFile; fileRef = 2A47F84E2B06C17500039B14 /* CreatePost.swift */; };
		2AC8B2172B0AB58C001D3388 /* PostComponent.swift in Sources */ = {isa = PBXBuildFile; fileRef = 2AC8B2162B0AB58C001D3388 /* PostComponent.swift */; };
		2AC8B2192B0AE229001D3388 /* CommentsComponent.swift in Sources */ = {isa = PBXBuildFile; fileRef = 2AC8B2182B0AE229001D3388 /* CommentsComponent.swift */; };
		2AD539B42B2010C000E5D2D6 /* UserPostComponent.swift in Sources */ = {isa = PBXBuildFile; fileRef = 2AD539B32B2010C000E5D2D6 /* UserPostComponent.swift */; };
		2AD539B62B2011BE00E5D2D6 /* UserCardComponent.swift in Sources */ = {isa = PBXBuildFile; fileRef = 2AD539B52B2011BE00E5D2D6 /* UserCardComponent.swift */; };
		2AE603092B2039CB00127A52 /* OtherUserPostView.swift in Sources */ = {isa = PBXBuildFile; fileRef = 2AE603082B2039CB00127A52 /* OtherUserPostView.swift */; };
		2AE6030B2B2039EA00127A52 /* OtherUserCardView.swift in Sources */ = {isa = PBXBuildFile; fileRef = 2AE6030A2B2039EA00127A52 /* OtherUserCardView.swift */; };
		C40A28222B1C1C3B008E57F2 /* FriendAcceptResult.swift in Sources */ = {isa = PBXBuildFile; fileRef = C40A28212B1C1C3B008E57F2 /* FriendAcceptResult.swift */; };
		C427DD462B06B11200F7F704 /* AccountView.swift in Sources */ = {isa = PBXBuildFile; fileRef = C427DD452B06B11200F7F704 /* AccountView.swift */; };
		C437EC852B195E9500774C63 /* SearchFriend.swift in Sources */ = {isa = PBXBuildFile; fileRef = C437EC842B195E9500774C63 /* SearchFriend.swift */; };
		C437EC872B195ED700774C63 /* SearchFriendModel.swift in Sources */ = {isa = PBXBuildFile; fileRef = C437EC862B195ED700774C63 /* SearchFriendModel.swift */; };
		C437EC892B198BD800774C63 /* RequestFriendView.swift in Sources */ = {isa = PBXBuildFile; fileRef = C437EC882B198BD800774C63 /* RequestFriendView.swift */; };
		C437EC8B2B198BE300774C63 /* RequestFriendModel.swift in Sources */ = {isa = PBXBuildFile; fileRef = C437EC8A2B198BE300774C63 /* RequestFriendModel.swift */; };
		C437EC8D2B199B1E00774C63 /* FriendRequestResult.swift in Sources */ = {isa = PBXBuildFile; fileRef = C437EC8C2B199B1E00774C63 /* FriendRequestResult.swift */; };
		C43B84F22B1FF3E60082E345 /* OtherUserView.swift in Sources */ = {isa = PBXBuildFile; fileRef = C43B84F12B1FF3E60082E345 /* OtherUserView.swift */; };
		C441E8022B13DF4600CD1C49 /* FriendListModel.swift in Sources */ = {isa = PBXBuildFile; fileRef = C441E8012B13DF4600CD1C49 /* FriendListModel.swift */; };
		C441E8042B13E15000CD1C49 /* FriendListView.swift in Sources */ = {isa = PBXBuildFile; fileRef = C441E8032B13E15000CD1C49 /* FriendListView.swift */; };
		C441E8062B13E28E00CD1C49 /* UserSingleCardView.swift in Sources */ = {isa = PBXBuildFile; fileRef = C441E8052B13E28E00CD1C49 /* UserSingleCardView.swift */; };
		C4823C012B16990E00EECC1B /* SearchBarView.swift in Sources */ = {isa = PBXBuildFile; fileRef = C4823C002B16990E00EECC1B /* SearchBarView.swift */; };
		C4927E542B06A956006CA4A8 /* User.swift in Sources */ = {isa = PBXBuildFile; fileRef = C4927E532B06A956006CA4A8 /* User.swift */; };
		C4927E582B06A9D4006CA4A8 /* LoginViewModel.swift in Sources */ = {isa = PBXBuildFile; fileRef = C4927E572B06A9D4006CA4A8 /* LoginViewModel.swift */; };
		C4927E5B2B06AAE5006CA4A8 /* InputComponentView.swift in Sources */ = {isa = PBXBuildFile; fileRef = C4927E5A2B06AAE5006CA4A8 /* InputComponentView.swift */; };
		C4927E5D2B06AB3C006CA4A8 /* SettingRowView.swift in Sources */ = {isa = PBXBuildFile; fileRef = C4927E5C2B06AB3C006CA4A8 /* SettingRowView.swift */; };
		C4927E5F2B06ABA6006CA4A8 /* SingleScheuleView.swift in Sources */ = {isa = PBXBuildFile; fileRef = C4927E5E2B06ABA6006CA4A8 /* SingleScheuleView.swift */; };
		C4927E642B06AD41006CA4A8 /* RegisterView.swift in Sources */ = {isa = PBXBuildFile; fileRef = C4927E632B06AD41006CA4A8 /* RegisterView.swift */; };
		C4927E662B06ADCB006CA4A8 /* LoginView.swift in Sources */ = {isa = PBXBuildFile; fileRef = C4927E652B06ADCB006CA4A8 /* LoginView.swift */; };
		C4927E6F2B06AECF006CA4A8 /* Schedule.swift in Sources */ = {isa = PBXBuildFile; fileRef = C4927E6E2B06AECF006CA4A8 /* Schedule.swift */; };
		C4927E712B06AF1E006CA4A8 /* ScheduleViewModel.swift in Sources */ = {isa = PBXBuildFile; fileRef = C4927E702B06AF1E006CA4A8 /* ScheduleViewModel.swift */; };
		C4927E732B06AF97006CA4A8 /* ScheuleView.swift in Sources */ = {isa = PBXBuildFile; fileRef = C4927E722B06AF97006CA4A8 /* ScheuleView.swift */; };
		C4927E772B06B04F006CA4A8 /* ProfileView.swift in Sources */ = {isa = PBXBuildFile; fileRef = C4927E762B06B04F006CA4A8 /* ProfileView.swift */; };
		C4BC8AE42B03463200DFBED1 /* FocusEurekaApp.swift in Sources */ = {isa = PBXBuildFile; fileRef = C4BC8AE32B03463200DFBED1 /* FocusEurekaApp.swift */; };
		C4BC8AE62B03463200DFBED1 /* ContentView.swift in Sources */ = {isa = PBXBuildFile; fileRef = C4BC8AE52B03463200DFBED1 /* ContentView.swift */; };
		C4BC8AE82B03463300DFBED1 /* Assets.xcassets in Resources */ = {isa = PBXBuildFile; fileRef = C4BC8AE72B03463300DFBED1 /* Assets.xcassets */; };
		C4BC8AEB2B03463300DFBED1 /* Preview Assets.xcassets in Resources */ = {isa = PBXBuildFile; fileRef = C4BC8AEA2B03463300DFBED1 /* Preview Assets.xcassets */; };
		C4BC8AF72B0348EF00DFBED1 /* Swiftxios.swift in Sources */ = {isa = PBXBuildFile; fileRef = C4BC8AF62B0348EF00DFBED1 /* Swiftxios.swift */; };
		C4BC8AF92B03492900DFBED1 /* SwiftxiosCodeable.swift in Sources */ = {isa = PBXBuildFile; fileRef = C4BC8AF82B03492900DFBED1 /* SwiftxiosCodeable.swift */; };
/* End PBXBuildFile section */

/* Begin PBXFileReference section */
		2A47F8352B06B7F700039B14 /* GoogleService-Info.plist */ = {isa = PBXFileReference; fileEncoding = 4; lastKnownFileType = text.plist.xml; path = "GoogleService-Info.plist"; sourceTree = "<group>"; };
		2A47F8382B06BC7A00039B14 /* Comments.swift */ = {isa = PBXFileReference; lastKnownFileType = sourcecode.swift; path = Comments.swift; sourceTree = "<group>"; };
		2A47F83A2B06BCA800039B14 /* Image_set.swift */ = {isa = PBXFileReference; lastKnownFileType = sourcecode.swift; path = Image_set.swift; sourceTree = "<group>"; };
		2A47F83C2B06BCCA00039B14 /* Owner.swift */ = {isa = PBXFileReference; lastKnownFileType = sourcecode.swift; path = Owner.swift; sourceTree = "<group>"; };
		2A47F83E2B06BCE300039B14 /* PostLikes.swift */ = {isa = PBXFileReference; lastKnownFileType = sourcecode.swift; path = PostLikes.swift; sourceTree = "<group>"; };
		2A47F8402B06BCFE00039B14 /* Posts.swift */ = {isa = PBXFileReference; lastKnownFileType = sourcecode.swift; path = Posts.swift; sourceTree = "<group>"; };
		2A47F8432B06C04100039B14 /* PostsViewModel.swift */ = {isa = PBXFileReference; lastKnownFileType = sourcecode.swift; path = PostsViewModel.swift; sourceTree = "<group>"; };
		2A47F8452B06C07100039B14 /* PostsView.swift */ = {isa = PBXFileReference; lastKnownFileType = sourcecode.swift; path = PostsView.swift; sourceTree = "<group>"; };
		2A47F8472B06C09A00039B14 /* CardComponent.swift */ = {isa = PBXFileReference; lastKnownFileType = sourcecode.swift; path = CardComponent.swift; sourceTree = "<group>"; };
		2A47F8492B06C0D100039B14 /* PostDetailView.swift */ = {isa = PBXFileReference; lastKnownFileType = sourcecode.swift; path = PostDetailView.swift; sourceTree = "<group>"; };
		2A47F84C2B06C15200039B14 /* CreatePostViewModel.swift */ = {isa = PBXFileReference; lastKnownFileType = sourcecode.swift; path = CreatePostViewModel.swift; sourceTree = "<group>"; };
		2A47F84E2B06C17500039B14 /* CreatePost.swift */ = {isa = PBXFileReference; lastKnownFileType = sourcecode.swift; path = CreatePost.swift; sourceTree = "<group>"; };
		2AC8B2162B0AB58C001D3388 /* PostComponent.swift */ = {isa = PBXFileReference; lastKnownFileType = sourcecode.swift; path = PostComponent.swift; sourceTree = "<group>"; };
		2AC8B2182B0AE229001D3388 /* CommentsComponent.swift */ = {isa = PBXFileReference; lastKnownFileType = sourcecode.swift; path = CommentsComponent.swift; sourceTree = "<group>"; };
		2AD539B32B2010C000E5D2D6 /* UserPostComponent.swift */ = {isa = PBXFileReference; lastKnownFileType = sourcecode.swift; path = UserPostComponent.swift; sourceTree = "<group>"; };
		2AD539B52B2011BE00E5D2D6 /* UserCardComponent.swift */ = {isa = PBXFileReference; lastKnownFileType = sourcecode.swift; path = UserCardComponent.swift; sourceTree = "<group>"; };
		2AE603082B2039CB00127A52 /* OtherUserPostView.swift */ = {isa = PBXFileReference; lastKnownFileType = sourcecode.swift; path = OtherUserPostView.swift; sourceTree = "<group>"; };
		2AE6030A2B2039EA00127A52 /* OtherUserCardView.swift */ = {isa = PBXFileReference; lastKnownFileType = sourcecode.swift; path = OtherUserCardView.swift; sourceTree = "<group>"; };
		C40A28212B1C1C3B008E57F2 /* FriendAcceptResult.swift */ = {isa = PBXFileReference; lastKnownFileType = sourcecode.swift; path = FriendAcceptResult.swift; sourceTree = "<group>"; };
		C427DD452B06B11200F7F704 /* AccountView.swift */ = {isa = PBXFileReference; lastKnownFileType = sourcecode.swift; path = AccountView.swift; sourceTree = "<group>"; };
		C437EC842B195E9500774C63 /* SearchFriend.swift */ = {isa = PBXFileReference; lastKnownFileType = sourcecode.swift; path = SearchFriend.swift; sourceTree = "<group>"; };
		C437EC862B195ED700774C63 /* SearchFriendModel.swift */ = {isa = PBXFileReference; lastKnownFileType = sourcecode.swift; path = SearchFriendModel.swift; sourceTree = "<group>"; };
		C437EC882B198BD800774C63 /* RequestFriendView.swift */ = {isa = PBXFileReference; lastKnownFileType = sourcecode.swift; path = RequestFriendView.swift; sourceTree = "<group>"; };
		C437EC8A2B198BE300774C63 /* RequestFriendModel.swift */ = {isa = PBXFileReference; lastKnownFileType = sourcecode.swift; path = RequestFriendModel.swift; sourceTree = "<group>"; };
		C437EC8C2B199B1E00774C63 /* FriendRequestResult.swift */ = {isa = PBXFileReference; lastKnownFileType = sourcecode.swift; path = FriendRequestResult.swift; sourceTree = "<group>"; };
		C43B84F12B1FF3E60082E345 /* OtherUserView.swift */ = {isa = PBXFileReference; lastKnownFileType = sourcecode.swift; path = OtherUserView.swift; sourceTree = "<group>"; };
		C441E8012B13DF4600CD1C49 /* FriendListModel.swift */ = {isa = PBXFileReference; lastKnownFileType = sourcecode.swift; path = FriendListModel.swift; sourceTree = "<group>"; };
		C441E8032B13E15000CD1C49 /* FriendListView.swift */ = {isa = PBXFileReference; lastKnownFileType = sourcecode.swift; path = FriendListView.swift; sourceTree = "<group>"; };
		C441E8052B13E28E00CD1C49 /* UserSingleCardView.swift */ = {isa = PBXFileReference; lastKnownFileType = sourcecode.swift; path = UserSingleCardView.swift; sourceTree = "<group>"; };
		C4823C002B16990E00EECC1B /* SearchBarView.swift */ = {isa = PBXFileReference; lastKnownFileType = sourcecode.swift; path = SearchBarView.swift; sourceTree = "<group>"; };
		C4927E532B06A956006CA4A8 /* User.swift */ = {isa = PBXFileReference; lastKnownFileType = sourcecode.swift; path = User.swift; sourceTree = "<group>"; };
		C4927E572B06A9D4006CA4A8 /* LoginViewModel.swift */ = {isa = PBXFileReference; lastKnownFileType = sourcecode.swift; path = LoginViewModel.swift; sourceTree = "<group>"; };
		C4927E5A2B06AAE5006CA4A8 /* InputComponentView.swift */ = {isa = PBXFileReference; lastKnownFileType = sourcecode.swift; path = InputComponentView.swift; sourceTree = "<group>"; };
		C4927E5C2B06AB3C006CA4A8 /* SettingRowView.swift */ = {isa = PBXFileReference; lastKnownFileType = sourcecode.swift; path = SettingRowView.swift; sourceTree = "<group>"; };
		C4927E5E2B06ABA6006CA4A8 /* SingleScheuleView.swift */ = {isa = PBXFileReference; lastKnownFileType = sourcecode.swift; path = SingleScheuleView.swift; sourceTree = "<group>"; };
		C4927E632B06AD41006CA4A8 /* RegisterView.swift */ = {isa = PBXFileReference; lastKnownFileType = sourcecode.swift; path = RegisterView.swift; sourceTree = "<group>"; };
		C4927E652B06ADCB006CA4A8 /* LoginView.swift */ = {isa = PBXFileReference; lastKnownFileType = sourcecode.swift; path = LoginView.swift; sourceTree = "<group>"; };
		C4927E6E2B06AECF006CA4A8 /* Schedule.swift */ = {isa = PBXFileReference; lastKnownFileType = sourcecode.swift; path = Schedule.swift; sourceTree = "<group>"; };
		C4927E702B06AF1E006CA4A8 /* ScheduleViewModel.swift */ = {isa = PBXFileReference; lastKnownFileType = sourcecode.swift; path = ScheduleViewModel.swift; sourceTree = "<group>"; };
		C4927E722B06AF97006CA4A8 /* ScheuleView.swift */ = {isa = PBXFileReference; lastKnownFileType = sourcecode.swift; path = ScheuleView.swift; sourceTree = "<group>"; };
		C4927E762B06B04F006CA4A8 /* ProfileView.swift */ = {isa = PBXFileReference; lastKnownFileType = sourcecode.swift; path = ProfileView.swift; sourceTree = "<group>"; };
		C4BC8AE02B03463200DFBED1 /* FocusEureka.app */ = {isa = PBXFileReference; explicitFileType = wrapper.application; includeInIndex = 0; path = FocusEureka.app; sourceTree = BUILT_PRODUCTS_DIR; };
		C4BC8AE32B03463200DFBED1 /* FocusEurekaApp.swift */ = {isa = PBXFileReference; lastKnownFileType = sourcecode.swift; path = FocusEurekaApp.swift; sourceTree = "<group>"; };
		C4BC8AE52B03463200DFBED1 /* ContentView.swift */ = {isa = PBXFileReference; lastKnownFileType = sourcecode.swift; path = ContentView.swift; sourceTree = "<group>"; };
		C4BC8AE72B03463300DFBED1 /* Assets.xcassets */ = {isa = PBXFileReference; lastKnownFileType = folder.assetcatalog; path = Assets.xcassets; sourceTree = "<group>"; };
		C4BC8AEA2B03463300DFBED1 /* Preview Assets.xcassets */ = {isa = PBXFileReference; lastKnownFileType = folder.assetcatalog; path = "Preview Assets.xcassets"; sourceTree = "<group>"; };
		C4BC8AF62B0348EF00DFBED1 /* Swiftxios.swift */ = {isa = PBXFileReference; lastKnownFileType = sourcecode.swift; path = Swiftxios.swift; sourceTree = "<group>"; };
		C4BC8AF82B03492900DFBED1 /* SwiftxiosCodeable.swift */ = {isa = PBXFileReference; lastKnownFileType = sourcecode.swift; path = SwiftxiosCodeable.swift; sourceTree = "<group>"; };
/* End PBXFileReference section */

/* Begin PBXFrameworksBuildPhase section */
		C4BC8ADD2B03463200DFBED1 /* Frameworks */ = {
			isa = PBXFrameworksBuildPhase;
			buildActionMask = 2147483647;
			files = (
				2A47F8122B06B73600039B14 /* FirebaseDatabase in Frameworks */,
				2A47F8202B06B73600039B14 /* FirebaseFunctionsCombine-Community in Frameworks */,
				2A47F8182B06B73600039B14 /* FirebaseFirestore in Frameworks */,
				2A47F8042B06B73600039B14 /* FirebaseAnalyticsSwift in Frameworks */,
				2A47F8002B06B73600039B14 /* FirebaseAnalytics in Frameworks */,
				2A47F8022B06B73600039B14 /* FirebaseAnalyticsOnDeviceConversion in Frameworks */,
				2A47F8282B06B73600039B14 /* FirebaseMLModelDownloader in Frameworks */,
				2A47F81C2B06B73600039B14 /* FirebaseFirestoreSwift in Frameworks */,
				2A47F8082B06B73600039B14 /* FirebaseAppCheck in Frameworks */,
				2A47F8062B06B73600039B14 /* FirebaseAnalyticsWithoutAdIdSupport in Frameworks */,
				2A47F80C2B06B73600039B14 /* FirebaseAuth in Frameworks */,
				2A47F8102B06B73600039B14 /* FirebaseCrashlytics in Frameworks */,
				2A47F8302B06B73600039B14 /* FirebaseRemoteConfigSwift in Frameworks */,
				2A47F8222B06B73600039B14 /* FirebaseInAppMessaging-Beta in Frameworks */,
				2A47F8142B06B73600039B14 /* FirebaseDatabaseSwift in Frameworks */,
				2A47F81E2B06B73600039B14 /* FirebaseFunctions in Frameworks */,
				2A47F8342B06B73600039B14 /* FirebaseStorageCombine-Community in Frameworks */,
				2A47F82E2B06B73600039B14 /* FirebaseRemoteConfig in Frameworks */,
				2A47F80A2B06B73600039B14 /* FirebaseAppDistribution-Beta in Frameworks */,
				2A47F80E2B06B73600039B14 /* FirebaseAuthCombine-Community in Frameworks */,
				2A47F82C2B06B73600039B14 /* FirebasePerformance in Frameworks */,
				2A47F8242B06B73600039B14 /* FirebaseInAppMessagingSwift-Beta in Frameworks */,
				2A47F8322B06B73600039B14 /* FirebaseStorage in Frameworks */,
				2A47F8162B06B73600039B14 /* FirebaseDynamicLinks in Frameworks */,
				2A47F81A2B06B73600039B14 /* FirebaseFirestoreCombine-Community in Frameworks */,
				2A47F82A2B06B73600039B14 /* FirebaseMessaging in Frameworks */,
				2A47F8262B06B73600039B14 /* FirebaseInstallations in Frameworks */,
			);
			runOnlyForDeploymentPostprocessing = 0;
		};
/* End PBXFrameworksBuildPhase section */

/* Begin PBXGroup section */
		2A47F8372B06BC3700039B14 /* Models */ = {
			isa = PBXGroup;
			children = (
				2A47F8382B06BC7A00039B14 /* Comments.swift */,
				2A47F83A2B06BCA800039B14 /* Image_set.swift */,
				2A47F83C2B06BCCA00039B14 /* Owner.swift */,
				2A47F83E2B06BCE300039B14 /* PostLikes.swift */,
				2A47F8402B06BCFE00039B14 /* Posts.swift */,
			);
			path = Models;
			sourceTree = "<group>";
		};
		2A47F8422B06C02C00039B14 /* PostView */ = {
			isa = PBXGroup;
			children = (
				2A47F8432B06C04100039B14 /* PostsViewModel.swift */,
				2A47F8452B06C07100039B14 /* PostsView.swift */,
				2A47F8472B06C09A00039B14 /* CardComponent.swift */,
				2A47F8492B06C0D100039B14 /* PostDetailView.swift */,
				2AC8B2162B0AB58C001D3388 /* PostComponent.swift */,
				2AC8B2182B0AE229001D3388 /* CommentsComponent.swift */,
			);
			path = PostView;
			sourceTree = "<group>";
		};
		2A47F84B2B06C11700039B14 /* CreatePost */ = {
			isa = PBXGroup;
			children = (
				2A47F84C2B06C15200039B14 /* CreatePostViewModel.swift */,
				2A47F84E2B06C17500039B14 /* CreatePost.swift */,
			);
			path = CreatePost;
			sourceTree = "<group>";
		};
		2AD539B22B20107400E5D2D6 /* UserPosts */ = {
			isa = PBXGroup;
			children = (
				2AD539B32B2010C000E5D2D6 /* UserPostComponent.swift */,
				2AD539B52B2011BE00E5D2D6 /* UserCardComponent.swift */,
			);
			path = UserPosts;
			sourceTree = "<group>";
		};
		C43B84EB2B1FF3860082E345 /* OtherUser */ = {
			isa = PBXGroup;
			children = (
				C43B84EC2B1FF3910082E345 /* View */,
			);
			path = OtherUser;
			sourceTree = "<group>";
		};
		C43B84EC2B1FF3910082E345 /* View */ = {
			isa = PBXGroup;
			children = (
				C43B84F12B1FF3E60082E345 /* OtherUserView.swift */,
				2AE603082B2039CB00127A52 /* OtherUserPostView.swift */,
				2AE6030A2B2039EA00127A52 /* OtherUserCardView.swift */,
			);
			path = View;
			sourceTree = "<group>";
		};
		C441E7FE2B13DE7600CD1C49 /* FriendList */ = {
			isa = PBXGroup;
			children = (
				C441E7FF2B13DED600CD1C49 /* View */,
				C441E8002B13DEE100CD1C49 /* ViewModel */,
			);
			path = FriendList;
			sourceTree = "<group>";
		};
		C441E7FF2B13DED600CD1C49 /* View */ = {
			isa = PBXGroup;
			children = (
				C441E8032B13E15000CD1C49 /* FriendListView.swift */,
				C437EC842B195E9500774C63 /* SearchFriend.swift */,
				C437EC882B198BD800774C63 /* RequestFriendView.swift */,
			);
			path = View;
			sourceTree = "<group>";
		};
		C441E8002B13DEE100CD1C49 /* ViewModel */ = {
			isa = PBXGroup;
			children = (
				C441E8012B13DF4600CD1C49 /* FriendListModel.swift */,
				C437EC862B195ED700774C63 /* SearchFriendModel.swift */,
				C437EC8A2B198BE300774C63 /* RequestFriendModel.swift */,
			);
			path = ViewModel;
			sourceTree = "<group>";
		};
		C4927E522B06A930006CA4A8 /* Model */ = {
			isa = PBXGroup;
			children = (
				C4927E532B06A956006CA4A8 /* User.swift */,
				C4927E6E2B06AECF006CA4A8 /* Schedule.swift */,
				C40A28212B1C1C3B008E57F2 /* FriendAcceptResult.swift */,
				C437EC8C2B199B1E00774C63 /* FriendRequestResult.swift */,
			);
			path = Model;
			sourceTree = "<group>";
		};
		C4927E552B06A9AB006CA4A8 /* Authentication */ = {
			isa = PBXGroup;
			children = (
				C4927E602B06ACE2006CA4A8 /* View */,
				C4927E562B06A9B5006CA4A8 /* ViewModel */,
			);
			path = Authentication;
			sourceTree = "<group>";
		};
		C4927E562B06A9B5006CA4A8 /* ViewModel */ = {
			isa = PBXGroup;
			children = (
				C4927E572B06A9D4006CA4A8 /* LoginViewModel.swift */,
			);
			path = ViewModel;
			sourceTree = "<group>";
		};
		C4927E592B06AA7D006CA4A8 /* Components */ = {
			isa = PBXGroup;
			children = (
				C4927E5A2B06AAE5006CA4A8 /* InputComponentView.swift */,
				C4927E5C2B06AB3C006CA4A8 /* SettingRowView.swift */,
				C4927E5E2B06ABA6006CA4A8 /* SingleScheuleView.swift */,
				C441E8052B13E28E00CD1C49 /* UserSingleCardView.swift */,
				C4823C002B16990E00EECC1B /* SearchBarView.swift */,
			);
			path = Components;
			sourceTree = "<group>";
		};
		C4927E602B06ACE2006CA4A8 /* View */ = {
			isa = PBXGroup;
			children = (
				C4927E632B06AD41006CA4A8 /* RegisterView.swift */,
				C4927E652B06ADCB006CA4A8 /* LoginView.swift */,
			);
			path = View;
			sourceTree = "<group>";
		};
		C4927E672B06AE2D006CA4A8 /* Account */ = {
			isa = PBXGroup;
			children = (
				C4927E682B06AE36006CA4A8 /* View */,
			);
			path = Account;
			sourceTree = "<group>";
		};
		C4927E682B06AE36006CA4A8 /* View */ = {
			isa = PBXGroup;
			children = (
				C427DD452B06B11200F7F704 /* AccountView.swift */,
			);
			path = View;
			sourceTree = "<group>";
		};
		C4927E6B2B06AE8C006CA4A8 /* Scheule */ = {
			isa = PBXGroup;
			children = (
				C4927E6C2B06AE95006CA4A8 /* View */,
				C4927E6D2B06AE9F006CA4A8 /* ViewModel */,
			);
			path = Scheule;
			sourceTree = "<group>";
		};
		C4927E6C2B06AE95006CA4A8 /* View */ = {
			isa = PBXGroup;
			children = (
				C4927E722B06AF97006CA4A8 /* ScheuleView.swift */,
			);
			path = View;
			sourceTree = "<group>";
		};
		C4927E6D2B06AE9F006CA4A8 /* ViewModel */ = {
			isa = PBXGroup;
			children = (
				C4927E702B06AF1E006CA4A8 /* ScheduleViewModel.swift */,
			);
			path = ViewModel;
			sourceTree = "<group>";
		};
		C4927E742B06B02B006CA4A8 /* Profile */ = {
			isa = PBXGroup;
			children = (
				C4927E752B06B041006CA4A8 /* View */,
			);
			path = Profile;
			sourceTree = "<group>";
		};
		C4927E752B06B041006CA4A8 /* View */ = {
			isa = PBXGroup;
			children = (
				C4927E762B06B04F006CA4A8 /* ProfileView.swift */,
			);
			path = View;
			sourceTree = "<group>";
		};
		C4BC8AD72B03463200DFBED1 = {
			isa = PBXGroup;
			children = (
				C4BC8AE22B03463200DFBED1 /* FocusEureka */,
				C4BC8AE12B03463200DFBED1 /* Products */,
			);
			sourceTree = "<group>";
		};
		C4BC8AE12B03463200DFBED1 /* Products */ = {
			isa = PBXGroup;
			children = (
				C4BC8AE02B03463200DFBED1 /* FocusEureka.app */,
			);
			name = Products;
			sourceTree = "<group>";
		};
		C4BC8AE22B03463200DFBED1 /* FocusEureka */ = {
			isa = PBXGroup;
			children = (
				2A47F8352B06B7F700039B14 /* GoogleService-Info.plist */,
				2A47F8372B06BC3700039B14 /* Models */,
				C4BC8AF12B0347B300DFBED1 /* App */,
				C4927E592B06AA7D006CA4A8 /* Components */,
				C4BC8AF22B0347BC00DFBED1 /* Views */,
				C4927E522B06A930006CA4A8 /* Model */,
				C4BC8AF42B0348C000DFBED1 /* Utils */,
				C4BC8AE72B03463300DFBED1 /* Assets.xcassets */,
				C4BC8AE92B03463300DFBED1 /* Preview Content */,
			);
			path = FocusEureka;
			sourceTree = "<group>";
		};
		C4BC8AE92B03463300DFBED1 /* Preview Content */ = {
			isa = PBXGroup;
			children = (
				C4BC8AEA2B03463300DFBED1 /* Preview Assets.xcassets */,
			);
			path = "Preview Content";
			sourceTree = "<group>";
		};
		C4BC8AF12B0347B300DFBED1 /* App */ = {
			isa = PBXGroup;
			children = (
				C4BC8AE32B03463200DFBED1 /* FocusEurekaApp.swift */,
			);
			path = App;
			sourceTree = "<group>";
		};
		C4BC8AF22B0347BC00DFBED1 /* Views */ = {
			isa = PBXGroup;
			children = (
				2AD539B22B20107400E5D2D6 /* UserPosts */,
				2A47F84B2B06C11700039B14 /* CreatePost */,
				2A47F8422B06C02C00039B14 /* PostView */,
				C43B84EB2B1FF3860082E345 /* OtherUser */,
				C4927E672B06AE2D006CA4A8 /* Account */,
				C4927E552B06A9AB006CA4A8 /* Authentication */,
				C441E7FE2B13DE7600CD1C49 /* FriendList */,
				C4927E742B06B02B006CA4A8 /* Profile */,
				C4927E6B2B06AE8C006CA4A8 /* Scheule */,
				C4BC8AF32B0347C500DFBED1 /* Root */,
			);
			path = Views;
			sourceTree = "<group>";
		};
		C4BC8AF32B0347C500DFBED1 /* Root */ = {
			isa = PBXGroup;
			children = (
				C4BC8AE52B03463200DFBED1 /* ContentView.swift */,
			);
			path = Root;
			sourceTree = "<group>";
		};
		C4BC8AF42B0348C000DFBED1 /* Utils */ = {
			isa = PBXGroup;
			children = (
				C4BC8AF52B0348D800DFBED1 /* Swiftxios */,
			);
			path = Utils;
			sourceTree = "<group>";
		};
		C4BC8AF52B0348D800DFBED1 /* Swiftxios */ = {
			isa = PBXGroup;
			children = (
				C4BC8AF62B0348EF00DFBED1 /* Swiftxios.swift */,
				C4BC8AF82B03492900DFBED1 /* SwiftxiosCodeable.swift */,
			);
			path = Swiftxios;
			sourceTree = "<group>";
		};
/* End PBXGroup section */

/* Begin PBXNativeTarget section */
		C4BC8ADF2B03463200DFBED1 /* FocusEureka */ = {
			isa = PBXNativeTarget;
			buildConfigurationList = C4BC8AEE2B03463300DFBED1 /* Build configuration list for PBXNativeTarget "FocusEureka" */;
			buildPhases = (
				C4BC8ADC2B03463200DFBED1 /* Sources */,
				C4BC8ADD2B03463200DFBED1 /* Frameworks */,
				C4BC8ADE2B03463200DFBED1 /* Resources */,
			);
			buildRules = (
			);
			dependencies = (
			);
			name = FocusEureka;
			packageProductDependencies = (
				2A47F7FF2B06B73600039B14 /* FirebaseAnalytics */,
				2A47F8012B06B73600039B14 /* FirebaseAnalyticsOnDeviceConversion */,
				2A47F8032B06B73600039B14 /* FirebaseAnalyticsSwift */,
				2A47F8052B06B73600039B14 /* FirebaseAnalyticsWithoutAdIdSupport */,
				2A47F8072B06B73600039B14 /* FirebaseAppCheck */,
				2A47F8092B06B73600039B14 /* FirebaseAppDistribution-Beta */,
				2A47F80B2B06B73600039B14 /* FirebaseAuth */,
				2A47F80D2B06B73600039B14 /* FirebaseAuthCombine-Community */,
				2A47F80F2B06B73600039B14 /* FirebaseCrashlytics */,
				2A47F8112B06B73600039B14 /* FirebaseDatabase */,
				2A47F8132B06B73600039B14 /* FirebaseDatabaseSwift */,
				2A47F8152B06B73600039B14 /* FirebaseDynamicLinks */,
				2A47F8172B06B73600039B14 /* FirebaseFirestore */,
				2A47F8192B06B73600039B14 /* FirebaseFirestoreCombine-Community */,
				2A47F81B2B06B73600039B14 /* FirebaseFirestoreSwift */,
				2A47F81D2B06B73600039B14 /* FirebaseFunctions */,
				2A47F81F2B06B73600039B14 /* FirebaseFunctionsCombine-Community */,
				2A47F8212B06B73600039B14 /* FirebaseInAppMessaging-Beta */,
				2A47F8232B06B73600039B14 /* FirebaseInAppMessagingSwift-Beta */,
				2A47F8252B06B73600039B14 /* FirebaseInstallations */,
				2A47F8272B06B73600039B14 /* FirebaseMLModelDownloader */,
				2A47F8292B06B73600039B14 /* FirebaseMessaging */,
				2A47F82B2B06B73600039B14 /* FirebasePerformance */,
				2A47F82D2B06B73600039B14 /* FirebaseRemoteConfig */,
				2A47F82F2B06B73600039B14 /* FirebaseRemoteConfigSwift */,
				2A47F8312B06B73600039B14 /* FirebaseStorage */,
				2A47F8332B06B73600039B14 /* FirebaseStorageCombine-Community */,
			);
			productName = FocusEureka;
			productReference = C4BC8AE02B03463200DFBED1 /* FocusEureka.app */;
			productType = "com.apple.product-type.application";
		};
/* End PBXNativeTarget section */

/* Begin PBXProject section */
		C4BC8AD82B03463200DFBED1 /* Project object */ = {
			isa = PBXProject;
			attributes = {
				BuildIndependentTargetsInParallel = 1;
				LastSwiftUpdateCheck = 1500;
				LastUpgradeCheck = 1500;
				TargetAttributes = {
					C4BC8ADF2B03463200DFBED1 = {
						CreatedOnToolsVersion = 15.0.1;
					};
				};
			};
			buildConfigurationList = C4BC8ADB2B03463200DFBED1 /* Build configuration list for PBXProject "FocusEureka" */;
			compatibilityVersion = "Xcode 14.0";
			developmentRegion = en;
			hasScannedForEncodings = 0;
			knownRegions = (
				en,
				Base,
			);
			mainGroup = C4BC8AD72B03463200DFBED1;
			packageReferences = (
				2A47F7FE2B06B73600039B14 /* XCRemoteSwiftPackageReference "firebase-ios-sdk" */,
			);
			productRefGroup = C4BC8AE12B03463200DFBED1 /* Products */;
			projectDirPath = "";
			projectRoot = "";
			targets = (
				C4BC8ADF2B03463200DFBED1 /* FocusEureka */,
			);
		};
/* End PBXProject section */

/* Begin PBXResourcesBuildPhase section */
		C4BC8ADE2B03463200DFBED1 /* Resources */ = {
			isa = PBXResourcesBuildPhase;
			buildActionMask = 2147483647;
			files = (
				C4BC8AEB2B03463300DFBED1 /* Preview Assets.xcassets in Resources */,
				C4BC8AE82B03463300DFBED1 /* Assets.xcassets in Resources */,
				2A47F8362B06B7F700039B14 /* GoogleService-Info.plist in Resources */,
			);
			runOnlyForDeploymentPostprocessing = 0;
		};
/* End PBXResourcesBuildPhase section */

/* Begin PBXSourcesBuildPhase section */
		C4BC8ADC2B03463200DFBED1 /* Sources */ = {
			isa = PBXSourcesBuildPhase;
			buildActionMask = 2147483647;
			files = (
				2AC8B2192B0AE229001D3388 /* CommentsComponent.swift in Sources */,
				2A47F84A2B06C0D100039B14 /* PostDetailView.swift in Sources */,
				2A47F83B2B06BCA800039B14 /* Image_set.swift in Sources */,
				2A47F84D2B06C15200039B14 /* CreatePostViewModel.swift in Sources */,
				2AD539B62B2011BE00E5D2D6 /* UserCardComponent.swift in Sources */,
				2A47F8412B06BCFE00039B14 /* Posts.swift in Sources */,
				2AE603092B2039CB00127A52 /* OtherUserPostView.swift in Sources */,
				2A47F84F2B06C17500039B14 /* CreatePost.swift in Sources */,
				2AD539B42B2010C000E5D2D6 /* UserPostComponent.swift in Sources */,
				C4823C012B16990E00EECC1B /* SearchBarView.swift in Sources */,
				C4927E5F2B06ABA6006CA4A8 /* SingleScheuleView.swift in Sources */,
				C4927E642B06AD41006CA4A8 /* RegisterView.swift in Sources */,
				C4927E5D2B06AB3C006CA4A8 /* SettingRowView.swift in Sources */,
				C441E8062B13E28E00CD1C49 /* UserSingleCardView.swift in Sources */,
				C4BC8AE62B03463200DFBED1 /* ContentView.swift in Sources */,
				C427DD462B06B11200F7F704 /* AccountView.swift in Sources */,
				C437EC892B198BD800774C63 /* RequestFriendView.swift in Sources */,
				C43B84F22B1FF3E60082E345 /* OtherUserView.swift in Sources */,
				C4BC8AF92B03492900DFBED1 /* SwiftxiosCodeable.swift in Sources */,
				2AC8B2172B0AB58C001D3388 /* PostComponent.swift in Sources */,
				C4927E582B06A9D4006CA4A8 /* LoginViewModel.swift in Sources */,
				C40A28222B1C1C3B008E57F2 /* FriendAcceptResult.swift in Sources */,
				C4927E6F2B06AECF006CA4A8 /* Schedule.swift in Sources */,
				C441E8042B13E15000CD1C49 /* FriendListView.swift in Sources */,
				C441E8022B13DF4600CD1C49 /* FriendListModel.swift in Sources */,
				C437EC872B195ED700774C63 /* SearchFriendModel.swift in Sources */,
				C4927E772B06B04F006CA4A8 /* ProfileView.swift in Sources */,
				C437EC8B2B198BE300774C63 /* RequestFriendModel.swift in Sources */,
				2AE6030B2B2039EA00127A52 /* OtherUserCardView.swift in Sources */,
				C4927E712B06AF1E006CA4A8 /* ScheduleViewModel.swift in Sources */,
				C4927E732B06AF97006CA4A8 /* ScheuleView.swift in Sources */,
				C437EC8D2B199B1E00774C63 /* FriendRequestResult.swift in Sources */,
				C437EC852B195E9500774C63 /* SearchFriend.swift in Sources */,
				C4BC8AF72B0348EF00DFBED1 /* Swiftxios.swift in Sources */,
				2A47F83F2B06BCE300039B14 /* PostLikes.swift in Sources */,
				2A47F8482B06C09A00039B14 /* CardComponent.swift in Sources */,
				2A47F8442B06C04100039B14 /* PostsViewModel.swift in Sources */,
				C4927E542B06A956006CA4A8 /* User.swift in Sources */,
				C4927E662B06ADCB006CA4A8 /* LoginView.swift in Sources */,
				C4BC8AE42B03463200DFBED1 /* FocusEurekaApp.swift in Sources */,
				2A47F83D2B06BCCA00039B14 /* Owner.swift in Sources */,
				2A47F8392B06BC7A00039B14 /* Comments.swift in Sources */,
				2A47F8462B06C07100039B14 /* PostsView.swift in Sources */,
				C4927E5B2B06AAE5006CA4A8 /* InputComponentView.swift in Sources */,
			);
			runOnlyForDeploymentPostprocessing = 0;
		};
/* End PBXSourcesBuildPhase section */

/* Begin XCBuildConfiguration section */
		C4BC8AEC2B03463300DFBED1 /* Debug */ = {
			isa = XCBuildConfiguration;
			buildSettings = {
				ALWAYS_SEARCH_USER_PATHS = NO;
				ASSETCATALOG_COMPILER_GENERATE_SWIFT_ASSET_SYMBOL_EXTENSIONS = YES;
				CLANG_ANALYZER_NONNULL = YES;
				CLANG_ANALYZER_NUMBER_OBJECT_CONVERSION = YES_AGGRESSIVE;
				CLANG_CXX_LANGUAGE_STANDARD = "gnu++20";
				CLANG_ENABLE_MODULES = YES;
				CLANG_ENABLE_OBJC_ARC = YES;
				CLANG_ENABLE_OBJC_WEAK = YES;
				CLANG_WARN_BLOCK_CAPTURE_AUTORELEASING = YES;
				CLANG_WARN_BOOL_CONVERSION = YES;
				CLANG_WARN_COMMA = YES;
				CLANG_WARN_CONSTANT_CONVERSION = YES;
				CLANG_WARN_DEPRECATED_OBJC_IMPLEMENTATIONS = YES;
				CLANG_WARN_DIRECT_OBJC_ISA_USAGE = YES_ERROR;
				CLANG_WARN_DOCUMENTATION_COMMENTS = YES;
				CLANG_WARN_EMPTY_BODY = YES;
				CLANG_WARN_ENUM_CONVERSION = YES;
				CLANG_WARN_INFINITE_RECURSION = YES;
				CLANG_WARN_INT_CONVERSION = YES;
				CLANG_WARN_NON_LITERAL_NULL_CONVERSION = YES;
				CLANG_WARN_OBJC_IMPLICIT_RETAIN_SELF = YES;
				CLANG_WARN_OBJC_LITERAL_CONVERSION = YES;
				CLANG_WARN_OBJC_ROOT_CLASS = YES_ERROR;
				CLANG_WARN_QUOTED_INCLUDE_IN_FRAMEWORK_HEADER = YES;
				CLANG_WARN_RANGE_LOOP_ANALYSIS = YES;
				CLANG_WARN_STRICT_PROTOTYPES = YES;
				CLANG_WARN_SUSPICIOUS_MOVE = YES;
				CLANG_WARN_UNGUARDED_AVAILABILITY = YES_AGGRESSIVE;
				CLANG_WARN_UNREACHABLE_CODE = YES;
				CLANG_WARN__DUPLICATE_METHOD_MATCH = YES;
				COPY_PHASE_STRIP = NO;
				DEBUG_INFORMATION_FORMAT = dwarf;
				ENABLE_STRICT_OBJC_MSGSEND = YES;
				ENABLE_TESTABILITY = YES;
				ENABLE_USER_SCRIPT_SANDBOXING = YES;
				GCC_C_LANGUAGE_STANDARD = gnu17;
				GCC_DYNAMIC_NO_PIC = NO;
				GCC_NO_COMMON_BLOCKS = YES;
				GCC_OPTIMIZATION_LEVEL = 0;
				GCC_PREPROCESSOR_DEFINITIONS = (
					"DEBUG=1",
					"$(inherited)",
				);
				GCC_WARN_64_TO_32_BIT_CONVERSION = YES;
				GCC_WARN_ABOUT_RETURN_TYPE = YES_ERROR;
				GCC_WARN_UNDECLARED_SELECTOR = YES;
				GCC_WARN_UNINITIALIZED_AUTOS = YES_AGGRESSIVE;
				GCC_WARN_UNUSED_FUNCTION = YES;
				GCC_WARN_UNUSED_VARIABLE = YES;
				IPHONEOS_DEPLOYMENT_TARGET = 17.0;
				LOCALIZATION_PREFERS_STRING_CATALOGS = YES;
				MTL_ENABLE_DEBUG_INFO = INCLUDE_SOURCE;
				MTL_FAST_MATH = YES;
				ONLY_ACTIVE_ARCH = YES;
				SDKROOT = iphoneos;
				SWIFT_ACTIVE_COMPILATION_CONDITIONS = "DEBUG $(inherited)";
				SWIFT_OPTIMIZATION_LEVEL = "-Onone";
			};
			name = Debug;
		};
		C4BC8AED2B03463300DFBED1 /* Release */ = {
			isa = XCBuildConfiguration;
			buildSettings = {
				ALWAYS_SEARCH_USER_PATHS = NO;
				ASSETCATALOG_COMPILER_GENERATE_SWIFT_ASSET_SYMBOL_EXTENSIONS = YES;
				CLANG_ANALYZER_NONNULL = YES;
				CLANG_ANALYZER_NUMBER_OBJECT_CONVERSION = YES_AGGRESSIVE;
				CLANG_CXX_LANGUAGE_STANDARD = "gnu++20";
				CLANG_ENABLE_MODULES = YES;
				CLANG_ENABLE_OBJC_ARC = YES;
				CLANG_ENABLE_OBJC_WEAK = YES;
				CLANG_WARN_BLOCK_CAPTURE_AUTORELEASING = YES;
				CLANG_WARN_BOOL_CONVERSION = YES;
				CLANG_WARN_COMMA = YES;
				CLANG_WARN_CONSTANT_CONVERSION = YES;
				CLANG_WARN_DEPRECATED_OBJC_IMPLEMENTATIONS = YES;
				CLANG_WARN_DIRECT_OBJC_ISA_USAGE = YES_ERROR;
				CLANG_WARN_DOCUMENTATION_COMMENTS = YES;
				CLANG_WARN_EMPTY_BODY = YES;
				CLANG_WARN_ENUM_CONVERSION = YES;
				CLANG_WARN_INFINITE_RECURSION = YES;
				CLANG_WARN_INT_CONVERSION = YES;
				CLANG_WARN_NON_LITERAL_NULL_CONVERSION = YES;
				CLANG_WARN_OBJC_IMPLICIT_RETAIN_SELF = YES;
				CLANG_WARN_OBJC_LITERAL_CONVERSION = YES;
				CLANG_WARN_OBJC_ROOT_CLASS = YES_ERROR;
				CLANG_WARN_QUOTED_INCLUDE_IN_FRAMEWORK_HEADER = YES;
				CLANG_WARN_RANGE_LOOP_ANALYSIS = YES;
				CLANG_WARN_STRICT_PROTOTYPES = YES;
				CLANG_WARN_SUSPICIOUS_MOVE = YES;
				CLANG_WARN_UNGUARDED_AVAILABILITY = YES_AGGRESSIVE;
				CLANG_WARN_UNREACHABLE_CODE = YES;
				CLANG_WARN__DUPLICATE_METHOD_MATCH = YES;
				COPY_PHASE_STRIP = NO;
				DEBUG_INFORMATION_FORMAT = "dwarf-with-dsym";
				ENABLE_NS_ASSERTIONS = NO;
				ENABLE_STRICT_OBJC_MSGSEND = YES;
				ENABLE_USER_SCRIPT_SANDBOXING = YES;
				GCC_C_LANGUAGE_STANDARD = gnu17;
				GCC_NO_COMMON_BLOCKS = YES;
				GCC_WARN_64_TO_32_BIT_CONVERSION = YES;
				GCC_WARN_ABOUT_RETURN_TYPE = YES_ERROR;
				GCC_WARN_UNDECLARED_SELECTOR = YES;
				GCC_WARN_UNINITIALIZED_AUTOS = YES_AGGRESSIVE;
				GCC_WARN_UNUSED_FUNCTION = YES;
				GCC_WARN_UNUSED_VARIABLE = YES;
				IPHONEOS_DEPLOYMENT_TARGET = 17.0;
				LOCALIZATION_PREFERS_STRING_CATALOGS = YES;
				MTL_ENABLE_DEBUG_INFO = NO;
				MTL_FAST_MATH = YES;
				SDKROOT = iphoneos;
				SWIFT_COMPILATION_MODE = wholemodule;
				VALIDATE_PRODUCT = YES;
			};
			name = Release;
		};
		C4BC8AEF2B03463300DFBED1 /* Debug */ = {
			isa = XCBuildConfiguration;
			buildSettings = {
				ASSETCATALOG_COMPILER_APPICON_NAME = AppIcon;
				ASSETCATALOG_COMPILER_GLOBAL_ACCENT_COLOR_NAME = AccentColor;
				CODE_SIGN_STYLE = Automatic;
				CURRENT_PROJECT_VERSION = 1;
				DEVELOPMENT_ASSET_PATHS = "\"FocusEureka/Preview Content\"";
				ENABLE_PREVIEWS = YES;
				GENERATE_INFOPLIST_FILE = YES;
				INFOPLIST_KEY_UIApplicationSceneManifest_Generation = YES;
				INFOPLIST_KEY_UIApplicationSupportsIndirectInputEvents = YES;
				INFOPLIST_KEY_UILaunchScreen_Generation = YES;
				INFOPLIST_KEY_UISupportedInterfaceOrientations = "UIInterfaceOrientationLandscapeLeft UIInterfaceOrientationLandscapeRight UIInterfaceOrientationPortrait";
				INFOPLIST_KEY_UISupportedInterfaceOrientations_iPad = "UIInterfaceOrientationLandscapeLeft UIInterfaceOrientationLandscapeRight UIInterfaceOrientationPortrait UIInterfaceOrientationPortraitUpsideDown";
				LD_RUNPATH_SEARCH_PATHS = (
					"$(inherited)",
					"@executable_path/Frameworks",
				);
				MARKETING_VERSION = 1.0;
				PRODUCT_BUNDLE_IDENTIFIER = giantslab.FocusEureka;
				PRODUCT_NAME = "$(TARGET_NAME)";
				SWIFT_EMIT_LOC_STRINGS = YES;
				SWIFT_VERSION = 5.0;
				TARGETED_DEVICE_FAMILY = "1,2";
			};
			name = Debug;
		};
		C4BC8AF02B03463300DFBED1 /* Release */ = {
			isa = XCBuildConfiguration;
			buildSettings = {
				ASSETCATALOG_COMPILER_APPICON_NAME = AppIcon;
				ASSETCATALOG_COMPILER_GLOBAL_ACCENT_COLOR_NAME = AccentColor;
				CODE_SIGN_STYLE = Automatic;
				CURRENT_PROJECT_VERSION = 1;
				DEVELOPMENT_ASSET_PATHS = "\"FocusEureka/Preview Content\"";
				ENABLE_PREVIEWS = YES;
				GENERATE_INFOPLIST_FILE = YES;
				INFOPLIST_KEY_UIApplicationSceneManifest_Generation = YES;
				INFOPLIST_KEY_UIApplicationSupportsIndirectInputEvents = YES;
				INFOPLIST_KEY_UILaunchScreen_Generation = YES;
				INFOPLIST_KEY_UISupportedInterfaceOrientations = "UIInterfaceOrientationLandscapeLeft UIInterfaceOrientationLandscapeRight UIInterfaceOrientationPortrait";
				INFOPLIST_KEY_UISupportedInterfaceOrientations_iPad = "UIInterfaceOrientationLandscapeLeft UIInterfaceOrientationLandscapeRight UIInterfaceOrientationPortrait UIInterfaceOrientationPortraitUpsideDown";
				LD_RUNPATH_SEARCH_PATHS = (
					"$(inherited)",
					"@executable_path/Frameworks",
				);
				MARKETING_VERSION = 1.0;
				PRODUCT_BUNDLE_IDENTIFIER = giantslab.FocusEureka;
				PRODUCT_NAME = "$(TARGET_NAME)";
				SWIFT_EMIT_LOC_STRINGS = YES;
				SWIFT_VERSION = 5.0;
				TARGETED_DEVICE_FAMILY = "1,2";
			};
			name = Release;
		};
/* End XCBuildConfiguration section */

/* Begin XCConfigurationList section */
		C4BC8ADB2B03463200DFBED1 /* Build configuration list for PBXProject "FocusEureka" */ = {
			isa = XCConfigurationList;
			buildConfigurations = (
				C4BC8AEC2B03463300DFBED1 /* Debug */,
				C4BC8AED2B03463300DFBED1 /* Release */,
			);
			defaultConfigurationIsVisible = 0;
			defaultConfigurationName = Release;
		};
		C4BC8AEE2B03463300DFBED1 /* Build configuration list for PBXNativeTarget "FocusEureka" */ = {
			isa = XCConfigurationList;
			buildConfigurations = (
				C4BC8AEF2B03463300DFBED1 /* Debug */,
				C4BC8AF02B03463300DFBED1 /* Release */,
			);
			defaultConfigurationIsVisible = 0;
			defaultConfigurationName = Release;
		};
/* End XCConfigurationList section */

/* Begin XCRemoteSwiftPackageReference section */
		2A47F7FE2B06B73600039B14 /* XCRemoteSwiftPackageReference "firebase-ios-sdk" */ = {
			isa = XCRemoteSwiftPackageReference;
			repositoryURL = "https://github.com/firebase/firebase-ios-sdk";
			requirement = {
				kind = upToNextMajorVersion;
				minimumVersion = 10.18.0;
			};
		};
/* End XCRemoteSwiftPackageReference section */

/* Begin XCSwiftPackageProductDependency section */
		2A47F7FF2B06B73600039B14 /* FirebaseAnalytics */ = {
			isa = XCSwiftPackageProductDependency;
			package = 2A47F7FE2B06B73600039B14 /* XCRemoteSwiftPackageReference "firebase-ios-sdk" */;
			productName = FirebaseAnalytics;
		};
		2A47F8012B06B73600039B14 /* FirebaseAnalyticsOnDeviceConversion */ = {
			isa = XCSwiftPackageProductDependency;
			package = 2A47F7FE2B06B73600039B14 /* XCRemoteSwiftPackageReference "firebase-ios-sdk" */;
			productName = FirebaseAnalyticsOnDeviceConversion;
		};
		2A47F8032B06B73600039B14 /* FirebaseAnalyticsSwift */ = {
			isa = XCSwiftPackageProductDependency;
			package = 2A47F7FE2B06B73600039B14 /* XCRemoteSwiftPackageReference "firebase-ios-sdk" */;
			productName = FirebaseAnalyticsSwift;
		};
		2A47F8052B06B73600039B14 /* FirebaseAnalyticsWithoutAdIdSupport */ = {
			isa = XCSwiftPackageProductDependency;
			package = 2A47F7FE2B06B73600039B14 /* XCRemoteSwiftPackageReference "firebase-ios-sdk" */;
			productName = FirebaseAnalyticsWithoutAdIdSupport;
		};
		2A47F8072B06B73600039B14 /* FirebaseAppCheck */ = {
			isa = XCSwiftPackageProductDependency;
			package = 2A47F7FE2B06B73600039B14 /* XCRemoteSwiftPackageReference "firebase-ios-sdk" */;
			productName = FirebaseAppCheck;
		};
		2A47F8092B06B73600039B14 /* FirebaseAppDistribution-Beta */ = {
			isa = XCSwiftPackageProductDependency;
			package = 2A47F7FE2B06B73600039B14 /* XCRemoteSwiftPackageReference "firebase-ios-sdk" */;
			productName = "FirebaseAppDistribution-Beta";
		};
		2A47F80B2B06B73600039B14 /* FirebaseAuth */ = {
			isa = XCSwiftPackageProductDependency;
			package = 2A47F7FE2B06B73600039B14 /* XCRemoteSwiftPackageReference "firebase-ios-sdk" */;
			productName = FirebaseAuth;
		};
		2A47F80D2B06B73600039B14 /* FirebaseAuthCombine-Community */ = {
			isa = XCSwiftPackageProductDependency;
			package = 2A47F7FE2B06B73600039B14 /* XCRemoteSwiftPackageReference "firebase-ios-sdk" */;
			productName = "FirebaseAuthCombine-Community";
		};
		2A47F80F2B06B73600039B14 /* FirebaseCrashlytics */ = {
			isa = XCSwiftPackageProductDependency;
			package = 2A47F7FE2B06B73600039B14 /* XCRemoteSwiftPackageReference "firebase-ios-sdk" */;
			productName = FirebaseCrashlytics;
		};
		2A47F8112B06B73600039B14 /* FirebaseDatabase */ = {
			isa = XCSwiftPackageProductDependency;
			package = 2A47F7FE2B06B73600039B14 /* XCRemoteSwiftPackageReference "firebase-ios-sdk" */;
			productName = FirebaseDatabase;
		};
		2A47F8132B06B73600039B14 /* FirebaseDatabaseSwift */ = {
			isa = XCSwiftPackageProductDependency;
			package = 2A47F7FE2B06B73600039B14 /* XCRemoteSwiftPackageReference "firebase-ios-sdk" */;
			productName = FirebaseDatabaseSwift;
		};
		2A47F8152B06B73600039B14 /* FirebaseDynamicLinks */ = {
			isa = XCSwiftPackageProductDependency;
			package = 2A47F7FE2B06B73600039B14 /* XCRemoteSwiftPackageReference "firebase-ios-sdk" */;
			productName = FirebaseDynamicLinks;
		};
		2A47F8172B06B73600039B14 /* FirebaseFirestore */ = {
			isa = XCSwiftPackageProductDependency;
			package = 2A47F7FE2B06B73600039B14 /* XCRemoteSwiftPackageReference "firebase-ios-sdk" */;
			productName = FirebaseFirestore;
		};
		2A47F8192B06B73600039B14 /* FirebaseFirestoreCombine-Community */ = {
			isa = XCSwiftPackageProductDependency;
			package = 2A47F7FE2B06B73600039B14 /* XCRemoteSwiftPackageReference "firebase-ios-sdk" */;
			productName = "FirebaseFirestoreCombine-Community";
		};
		2A47F81B2B06B73600039B14 /* FirebaseFirestoreSwift */ = {
			isa = XCSwiftPackageProductDependency;
			package = 2A47F7FE2B06B73600039B14 /* XCRemoteSwiftPackageReference "firebase-ios-sdk" */;
			productName = FirebaseFirestoreSwift;
		};
		2A47F81D2B06B73600039B14 /* FirebaseFunctions */ = {
			isa = XCSwiftPackageProductDependency;
			package = 2A47F7FE2B06B73600039B14 /* XCRemoteSwiftPackageReference "firebase-ios-sdk" */;
			productName = FirebaseFunctions;
		};
		2A47F81F2B06B73600039B14 /* FirebaseFunctionsCombine-Community */ = {
			isa = XCSwiftPackageProductDependency;
			package = 2A47F7FE2B06B73600039B14 /* XCRemoteSwiftPackageReference "firebase-ios-sdk" */;
			productName = "FirebaseFunctionsCombine-Community";
		};
		2A47F8212B06B73600039B14 /* FirebaseInAppMessaging-Beta */ = {
			isa = XCSwiftPackageProductDependency;
			package = 2A47F7FE2B06B73600039B14 /* XCRemoteSwiftPackageReference "firebase-ios-sdk" */;
			productName = "FirebaseInAppMessaging-Beta";
		};
		2A47F8232B06B73600039B14 /* FirebaseInAppMessagingSwift-Beta */ = {
			isa = XCSwiftPackageProductDependency;
			package = 2A47F7FE2B06B73600039B14 /* XCRemoteSwiftPackageReference "firebase-ios-sdk" */;
			productName = "FirebaseInAppMessagingSwift-Beta";
		};
		2A47F8252B06B73600039B14 /* FirebaseInstallations */ = {
			isa = XCSwiftPackageProductDependency;
			package = 2A47F7FE2B06B73600039B14 /* XCRemoteSwiftPackageReference "firebase-ios-sdk" */;
			productName = FirebaseInstallations;
		};
		2A47F8272B06B73600039B14 /* FirebaseMLModelDownloader */ = {
			isa = XCSwiftPackageProductDependency;
			package = 2A47F7FE2B06B73600039B14 /* XCRemoteSwiftPackageReference "firebase-ios-sdk" */;
			productName = FirebaseMLModelDownloader;
		};
		2A47F8292B06B73600039B14 /* FirebaseMessaging */ = {
			isa = XCSwiftPackageProductDependency;
			package = 2A47F7FE2B06B73600039B14 /* XCRemoteSwiftPackageReference "firebase-ios-sdk" */;
			productName = FirebaseMessaging;
		};
		2A47F82B2B06B73600039B14 /* FirebasePerformance */ = {
			isa = XCSwiftPackageProductDependency;
			package = 2A47F7FE2B06B73600039B14 /* XCRemoteSwiftPackageReference "firebase-ios-sdk" */;
			productName = FirebasePerformance;
		};
		2A47F82D2B06B73600039B14 /* FirebaseRemoteConfig */ = {
			isa = XCSwiftPackageProductDependency;
			package = 2A47F7FE2B06B73600039B14 /* XCRemoteSwiftPackageReference "firebase-ios-sdk" */;
			productName = FirebaseRemoteConfig;
		};
		2A47F82F2B06B73600039B14 /* FirebaseRemoteConfigSwift */ = {
			isa = XCSwiftPackageProductDependency;
			package = 2A47F7FE2B06B73600039B14 /* XCRemoteSwiftPackageReference "firebase-ios-sdk" */;
			productName = FirebaseRemoteConfigSwift;
		};
		2A47F8312B06B73600039B14 /* FirebaseStorage */ = {
			isa = XCSwiftPackageProductDependency;
			package = 2A47F7FE2B06B73600039B14 /* XCRemoteSwiftPackageReference "firebase-ios-sdk" */;
			productName = FirebaseStorage;
		};
		2A47F8332B06B73600039B14 /* FirebaseStorageCombine-Community */ = {
			isa = XCSwiftPackageProductDependency;
			package = 2A47F7FE2B06B73600039B14 /* XCRemoteSwiftPackageReference "firebase-ios-sdk" */;
			productName = "FirebaseStorageCombine-Community";
		};
/* End XCSwiftPackageProductDependency section */
	};
	rootObject = C4BC8AD82B03463200DFBED1 /* Project object */;
}
